{
  "name": "simple-js-sha2",
  "version": "1.0.0",
  "lockfileVersion": 1,
  "requires": true,
  "dependencies": {
    "simple-js-sha2-224": {
      "version": "1.0.1",
      "resolved": "https://registry.npmjs.org/simple-js-sha2-224/-/simple-js-sha2-224-1.0.1.tgz",
      "integrity": "sha512-GYwh3tN5ULes+ah5gTRIyBaf54uxDQBQJe42tfjPhaal0Bdq+jTHPDcRA3s0fPCcRL3oDCxxWQxEUYvwk6fNOw=="
    },
    "simple-js-sha2-256": {
      "version": "1.0.5",
      "resolved": "https://registry.npmjs.org/simple-js-sha2-256/-/simple-js-sha2-256-1.0.5.tgz",
      "integrity": "sha512-ey+tfGwuJNMg3cuPyWflmblWXDofFB76/NWRphLAoXAzznh5D4J/sgzjVnhJ5kU2xDVSynbOnkWRgKSVEZdoYw=="
    },
    "simple-js-sha2-384": {
      "version": "1.0.0",
      "resolved": "https://registry.npmjs.org/simple-js-sha2-384/-/simple-js-sha2-384-1.0.0.tgz",
      "integrity": "sha512-9GVfdy7dE0EeokEmPg9WVmcAlk3VS0Ei5SuVQt2ZjWVTzUwk+P+cy26dOrjgQKbQXP9chY8qr/NUD/sm4Bnosw=="
    },
    "simple-js-sha2-512": {
      "version": "1.0.0",
      "resolved": "https://registry.npmjs.org/simple-js-sha2-512/-/simple-js-sha2-512-1.0.0.tgz",
      "integrity": "sha512-OpWQeiBB74yeJDPjSX0Q1SCCCNuaL0n9/dKEDRv1XDRSuMk+GbBFig5IyuPO3C8GzyYPuz20qT3J5+ginXnAVg=="
    }
  }
}
